
Microsoft Visual Studio Solution File, Format Version 12.00
# Visual Studio Version 17
VisualStudioVersion = 17.0.31903.59
MinimumVisualStudioVersion = 10.0.40219.1
Project("{2150E333-8FDC-42A3-9474-1A3956D46DE8}") = "src", "src", "{827E0CD3-B72D-47B6-A68D-7590B98EB39B}"
EndProject
Project("{FAE04EC0-301F-11D3-BF4B-00C04F79EFBC}") = "FLORAX.Domain", "src\FLORAX.Domain\FLORAX.Domain.csproj", "{4213D3F0-7695-4934-97E9-2348F8721187}"
EndProject
Project("{FAE04EC0-301F-11D3-BF4B-00C04F79EFBC}") = "FLORAX.Shared", "src\FLORAX.Shared\FLORAX.Shared.csproj", "{7226F0EC-2D09-4E63-9700-3AA9EDE1A41A}"
EndProject
Project("{FAE04EC0-301F-11D3-BF4B-00C04F79EFBC}") = "FLORAX.Application", "src\FLORAX.Application\FLORAX.Application.csproj", "{094E14A4-64EF-4B4D-8E08-A21514917457}"
EndProject
Project("{FAE04EC0-301F-11D3-BF4B-00C04F79EFBC}") = "FLORAX.Infrastructure", "src\FLORAX.Infrastructure\FLORAX.Infrastructure.csproj", "{A711C732-C2EC-4C56-B9B0-0E9D5E37162F}"
EndProject
Project("{FAE04EC0-301F-11D3-BF4B-00C04F79EFBC}") = "FLORAX.API", "src\FLORAX.API\FLORAX.API.csproj", "{DA9D79DC-BC24-491D-B9FE-D6ECBF91228A}"
EndProject
Project("{2150E333-8FDC-42A3-9474-1A3956D46DE8}") = "tests", "tests", "{0AB3BF05-4346-4AA6-1389-037BE0695223}"
EndProject
Project("{FAE04EC0-301F-11D3-BF4B-00C04F79EFBC}") = "FLORAX.Domain.Tests", "tests\FLORAX.Domain.Tests\FLORAX.Domain.Tests.csproj", "{2600D118-C5C9-423F-9D48-C83C6CCD4AD6}"
EndProject
Project("{FAE04EC0-301F-11D3-BF4B-00C04F79EFBC}") = "FLORAX.Application.Tests", "tests\FLORAX.Application.Tests\FLORAX.Application.Tests.csproj", "{255F3662-BE76-4E4E-BD5D-B663100D6F58}"
EndProject
Project("{FAE04EC0-301F-11D3-BF4B-00C04F79EFBC}") = "FLORAX.Infrastructure.Tests", "tests\FLORAX.Infrastructure.Tests\FLORAX.Infrastructure.Tests.csproj", "{6B9687CC-4FE2-4700-BACA-75A090BE365B}"
EndProject
Project("{FAE04EC0-301F-11D3-BF4B-00C04F79EFBC}") = "FLORAX.API.Tests", "tests\FLORAX.API.Tests\FLORAX.API.Tests.csproj", "{C94A2ED5-68A1-463A-8236-9D81B9063980}"
EndProject
Global
	GlobalSection(SolutionConfigurationPlatforms) = preSolution
		Debug|Any CPU = Debug|Any CPU
		Debug|x64 = Debug|x64
		Debug|x86 = Debug|x86
		Release|Any CPU = Release|Any CPU
		Release|x64 = Release|x64
		Release|x86 = Release|x86
	EndGlobalSection
	GlobalSection(ProjectConfigurationPlatforms) = postSolution
		{4213D3F0-7695-4934-97E9-2348F8721187}.Debug|Any CPU.ActiveCfg = Debug|Any CPU
		{4213D3F0-7695-4934-97E9-2348F8721187}.Debug|Any CPU.Build.0 = Debug|Any CPU
		{4213D3F0-7695-4934-97E9-2348F8721187}.Debug|x64.ActiveCfg = Debug|Any CPU
		{4213D3F0-7695-4934-97E9-2348F8721187}.Debug|x64.Build.0 = Debug|Any CPU
		{4213D3F0-7695-4934-97E9-2348F8721187}.Debug|x86.ActiveCfg = Debug|Any CPU
		{4213D3F0-7695-4934-97E9-2348F8721187}.Debug|x86.Build.0 = Debug|Any CPU
		{4213D3F0-7695-4934-97E9-2348F8721187}.Release|Any CPU.ActiveCfg = Release|Any CPU
		{4213D3F0-7695-4934-97E9-2348F8721187}.Release|Any CPU.Build.0 = Release|Any CPU
		{4213D3F0-7695-4934-97E9-2348F8721187}.Release|x64.ActiveCfg = Release|Any CPU
		{4213D3F0-7695-4934-97E9-2348F8721187}.Release|x64.Build.0 = Release|Any CPU
		{4213D3F0-7695-4934-97E9-2348F8721187}.Release|x86.ActiveCfg = Release|Any CPU
		{4213D3F0-7695-4934-97E9-2348F8721187}.Release|x86.Build.0 = Release|Any CPU
		{7226F0EC-2D09-4E63-9700-3AA9EDE1A41A}.Debug|Any CPU.ActiveCfg = Debug|Any CPU
		{7226F0EC-2D09-4E63-9700-3AA9EDE1A41A}.Debug|Any CPU.Build.0 = Debug|Any CPU
		{7226F0EC-2D09-4E63-9700-3AA9EDE1A41A}.Debug|x64.ActiveCfg = Debug|Any CPU
		{7226F0EC-2D09-4E63-9700-3AA9EDE1A41A}.Debug|x64.Build.0 = Debug|Any CPU
		{7226F0EC-2D09-4E63-9700-3AA9EDE1A41A}.Debug|x86.ActiveCfg = Debug|Any CPU
		{7226F0EC-2D09-4E63-9700-3AA9EDE1A41A}.Debug|x86.Build.0 = Debug|Any CPU
		{7226F0EC-2D09-4E63-9700-3AA9EDE1A41A}.Release|Any CPU.ActiveCfg = Release|Any CPU
		{7226F0EC-2D09-4E63-9700-3AA9EDE1A41A}.Release|Any CPU.Build.0 = Release|Any CPU
		{7226F0EC-2D09-4E63-9700-3AA9EDE1A41A}.Release|x64.ActiveCfg = Release|Any CPU
		{7226F0EC-2D09-4E63-9700-3AA9EDE1A41A}.Release|x64.Build.0 = Release|Any CPU
		{7226F0EC-2D09-4E63-9700-3AA9EDE1A41A}.Release|x86.ActiveCfg = Release|Any CPU
		{7226F0EC-2D09-4E63-9700-3AA9EDE1A41A}.Release|x86.Build.0 = Release|Any CPU
		{094E14A4-64EF-4B4D-8E08-A21514917457}.Debug|Any CPU.ActiveCfg = Debug|Any CPU
		{094E14A4-64EF-4B4D-8E08-A21514917457}.Debug|Any CPU.Build.0 = Debug|Any CPU
		{094E14A4-64EF-4B4D-8E08-A21514917457}.Debug|x64.ActiveCfg = Debug|Any CPU
		{094E14A4-64EF-4B4D-8E08-A21514917457}.Debug|x64.Build.0 = Debug|Any CPU
		{094E14A4-64EF-4B4D-8E08-A21514917457}.Debug|x86.ActiveCfg = Debug|Any CPU
		{094E14A4-64EF-4B4D-8E08-A21514917457}.Debug|x86.Build.0 = Debug|Any CPU
		{094E14A4-64EF-4B4D-8E08-A21514917457}.Release|Any CPU.ActiveCfg = Release|Any CPU
		{094E14A4-64EF-4B4D-8E08-A21514917457}.Release|Any CPU.Build.0 = Release|Any CPU
		{094E14A4-64EF-4B4D-8E08-A21514917457}.Release|x64.ActiveCfg = Release|Any CPU
		{094E14A4-64EF-4B4D-8E08-A21514917457}.Release|x64.Build.0 = Release|Any CPU
		{094E14A4-64EF-4B4D-8E08-A21514917457}.Release|x86.ActiveCfg = Release|Any CPU
		{094E14A4-64EF-4B4D-8E08-A21514917457}.Release|x86.Build.0 = Release|Any CPU
		{A711C732-C2EC-4C56-B9B0-0E9D5E37162F}.Debug|Any CPU.ActiveCfg = Debug|Any CPU
		{A711C732-C2EC-4C56-B9B0-0E9D5E37162F}.Debug|Any CPU.Build.0 = Debug|Any CPU
		{A711C732-C2EC-4C56-B9B0-0E9D5E37162F}.Debug|x64.ActiveCfg = Debug|Any CPU
		{A711C732-C2EC-4C56-B9B0-0E9D5E37162F}.Debug|x64.Build.0 = Debug|Any CPU
		{A711C732-C2EC-4C56-B9B0-0E9D5E37162F}.Debug|x86.ActiveCfg = Debug|Any CPU
		{A711C732-C2EC-4C56-B9B0-0E9D5E37162F}.Debug|x86.Build.0 = Debug|Any CPU
		{A711C732-C2EC-4C56-B9B0-0E9D5E37162F}.Release|Any CPU.ActiveCfg = Release|Any CPU
		{A711C732-C2EC-4C56-B9B0-0E9D5E37162F}.Release|Any CPU.Build.0 = Release|Any CPU
		{A711C732-C2EC-4C56-B9B0-0E9D5E37162F}.Release|x64.ActiveCfg = Release|Any CPU
		{A711C732-C2EC-4C56-B9B0-0E9D5E37162F}.Release|x64.Build.0 = Release|Any CPU
		{A711C732-C2EC-4C56-B9B0-0E9D5E37162F}.Release|x86.ActiveCfg = Release|Any CPU
		{A711C732-C2EC-4C56-B9B0-0E9D5E37162F}.Release|x86.Build.0 = Release|Any CPU
		{DA9D79DC-BC24-491D-B9FE-D6ECBF91228A}.Debug|Any CPU.ActiveCfg = Debug|Any CPU
		{DA9D79DC-BC24-491D-B9FE-D6ECBF91228A}.Debug|Any CPU.Build.0 = Debug|Any CPU
		{DA9D79DC-BC24-491D-B9FE-D6ECBF91228A}.Debug|x64.ActiveCfg = Debug|Any CPU
		{DA9D79DC-BC24-491D-B9FE-D6ECBF91228A}.Debug|x64.Build.0 = Debug|Any CPU
		{DA9D79DC-BC24-491D-B9FE-D6ECBF91228A}.Debug|x86.ActiveCfg = Debug|Any CPU
		{DA9D79DC-BC24-491D-B9FE-D6ECBF91228A}.Debug|x86.Build.0 = Debug|Any CPU
		{DA9D79DC-BC24-491D-B9FE-D6ECBF91228A}.Release|Any CPU.ActiveCfg = Release|Any CPU
		{DA9D79DC-BC24-491D-B9FE-D6ECBF91228A}.Release|Any CPU.Build.0 = Release|Any CPU
		{DA9D79DC-BC24-491D-B9FE-D6ECBF91228A}.Release|x64.ActiveCfg = Release|Any CPU
		{DA9D79DC-BC24-491D-B9FE-D6ECBF91228A}.Release|x64.Build.0 = Release|Any CPU
		{DA9D79DC-BC24-491D-B9FE-D6ECBF91228A}.Release|x86.ActiveCfg = Release|Any CPU
		{DA9D79DC-BC24-491D-B9FE-D6ECBF91228A}.Release|x86.Build.0 = Release|Any CPU
		{2600D118-C5C9-423F-9D48-C83C6CCD4AD6}.Debug|Any CPU.ActiveCfg = Debug|Any CPU
		{2600D118-C5C9-423F-9D48-C83C6CCD4AD6}.Debug|Any CPU.Build.0 = Debug|Any CPU
		{2600D118-C5C9-423F-9D48-C83C6CCD4AD6}.Debug|x64.ActiveCfg = Debug|Any CPU
		{2600D118-C5C9-423F-9D48-C83C6CCD4AD6}.Debug|x64.Build.0 = Debug|Any CPU
		{2600D118-C5C9-423F-9D48-C83C6CCD4AD6}.Debug|x86.ActiveCfg = Debug|Any CPU
		{2600D118-C5C9-423F-9D48-C83C6CCD4AD6}.Debug|x86.Build.0 = Debug|Any CPU
		{2600D118-C5C9-423F-9D48-C83C6CCD4AD6}.Release|Any CPU.ActiveCfg = Release|Any CPU
		{2600D118-C5C9-423F-9D48-C83C6CCD4AD6}.Release|Any CPU.Build.0 = Release|Any CPU
		{2600D118-C5C9-423F-9D48-C83C6CCD4AD6}.Release|x64.ActiveCfg = Release|Any CPU
		{2600D118-C5C9-423F-9D48-C83C6CCD4AD6}.Release|x64.Build.0 = Release|Any CPU
		{2600D118-C5C9-423F-9D48-C83C6CCD4AD6}.Release|x86.ActiveCfg = Release|Any CPU
		{2600D118-C5C9-423F-9D48-C83C6CCD4AD6}.Release|x86.Build.0 = Release|Any CPU
		{255F3662-BE76-4E4E-BD5D-B663100D6F58}.Debug|Any CPU.ActiveCfg = Debug|Any CPU
		{255F3662-BE76-4E4E-BD5D-B663100D6F58}.Debug|Any CPU.Build.0 = Debug|Any CPU
		{255F3662-BE76-4E4E-BD5D-B663100D6F58}.Debug|x64.ActiveCfg = Debug|Any CPU
		{255F3662-BE76-4E4E-BD5D-B663100D6F58}.Debug|x64.Build.0 = Debug|Any CPU
		{255F3662-BE76-4E4E-BD5D-B663100D6F58}.Debug|x86.ActiveCfg = Debug|Any CPU
		{255F3662-BE76-4E4E-BD5D-B663100D6F58}.Debug|x86.Build.0 = Debug|Any CPU
		{255F3662-BE76-4E4E-BD5D-B663100D6F58}.Release|Any CPU.ActiveCfg = Release|Any CPU
		{255F3662-BE76-4E4E-BD5D-B663100D6F58}.Release|Any CPU.Build.0 = Release|Any CPU
		{255F3662-BE76-4E4E-BD5D-B663100D6F58}.Release|x64.ActiveCfg = Release|Any CPU
		{255F3662-BE76-4E4E-BD5D-B663100D6F58}.Release|x64.Build.0 = Release|Any CPU
		{255F3662-BE76-4E4E-BD5D-B663100D6F58}.Release|x86.ActiveCfg = Release|Any CPU
		{255F3662-BE76-4E4E-BD5D-B663100D6F58}.Release|x86.Build.0 = Release|Any CPU
		{6B9687CC-4FE2-4700-BACA-75A090BE365B}.Debug|Any CPU.ActiveCfg = Debug|Any CPU
		{6B9687CC-4FE2-4700-BACA-75A090BE365B}.Debug|Any CPU.Build.0 = Debug|Any CPU
		{6B9687CC-4FE2-4700-BACA-75A090BE365B}.Debug|x64.ActiveCfg = Debug|Any CPU
		{6B9687CC-4FE2-4700-BACA-75A090BE365B}.Debug|x64.Build.0 = Debug|Any CPU
		{6B9687CC-4FE2-4700-BACA-75A090BE365B}.Debug|x86.ActiveCfg = Debug|Any CPU
		{6B9687CC-4FE2-4700-BACA-75A090BE365B}.Debug|x86.Build.0 = Debug|Any CPU
		{6B9687CC-4FE2-4700-BACA-75A090BE365B}.Release|Any CPU.ActiveCfg = Release|Any CPU
		{6B9687CC-4FE2-4700-BACA-75A090BE365B}.Release|Any CPU.Build.0 = Release|Any CPU
		{6B9687CC-4FE2-4700-BACA-75A090BE365B}.Release|x64.ActiveCfg = Release|Any CPU
		{6B9687CC-4FE2-4700-BACA-75A090BE365B}.Release|x64.Build.0 = Release|Any CPU
		{6B9687CC-4FE2-4700-BACA-75A090BE365B}.Release|x86.ActiveCfg = Release|Any CPU
		{6B9687CC-4FE2-4700-BACA-75A090BE365B}.Release|x86.Build.0 = Release|Any CPU
		{C94A2ED5-68A1-463A-8236-9D81B9063980}.Debug|Any CPU.ActiveCfg = Debug|Any CPU
		{C94A2ED5-68A1-463A-8236-9D81B9063980}.Debug|Any CPU.Build.0 = Debug|Any CPU
		{C94A2ED5-68A1-463A-8236-9D81B9063980}.Debug|x64.ActiveCfg = Debug|Any CPU
		{C94A2ED5-68A1-463A-8236-9D81B9063980}.Debug|x64.Build.0 = Debug|Any CPU
		{C94A2ED5-68A1-463A-8236-9D81B9063980}.Debug|x86.ActiveCfg = Debug|Any CPU
		{C94A2ED5-68A1-463A-8236-9D81B9063980}.Debug|x86.Build.0 = Debug|Any CPU
		{C94A2ED5-68A1-463A-8236-9D81B9063980}.Release|Any CPU.ActiveCfg = Release|Any CPU
		{C94A2ED5-68A1-463A-8236-9D81B9063980}.Release|Any CPU.Build.0 = Release|Any CPU
		{C94A2ED5-68A1-463A-8236-9D81B9063980}.Release|x64.ActiveCfg = Release|Any CPU
		{C94A2ED5-68A1-463A-8236-9D81B9063980}.Release|x64.Build.0 = Release|Any CPU
		{C94A2ED5-68A1-463A-8236-9D81B9063980}.Release|x86.ActiveCfg = Release|Any CPU
		{C94A2ED5-68A1-463A-8236-9D81B9063980}.Release|x86.Build.0 = Release|Any CPU
	EndGlobalSection
	GlobalSection(SolutionProperties) = preSolution
		HideSolutionNode = FALSE
	EndGlobalSection
	GlobalSection(NestedProjects) = preSolution
		{4213D3F0-7695-4934-97E9-2348F8721187} = {827E0CD3-B72D-47B6-A68D-7590B98EB39B}
		{7226F0EC-2D09-4E63-9700-3AA9EDE1A41A} = {827E0CD3-B72D-47B6-A68D-7590B98EB39B}
		{094E14A4-64EF-4B4D-8E08-A21514917457} = {827E0CD3-B72D-47B6-A68D-7590B98EB39B}
		{A711C732-C2EC-4C56-B9B0-0E9D5E37162F} = {827E0CD3-B72D-47B6-A68D-7590B98EB39B}
		{DA9D79DC-BC24-491D-B9FE-D6ECBF91228A} = {827E0CD3-B72D-47B6-A68D-7590B98EB39B}
		{2600D118-C5C9-423F-9D48-C83C6CCD4AD6} = {0AB3BF05-4346-4AA6-1389-037BE0695223}
		{255F3662-BE76-4E4E-BD5D-B663100D6F58} = {0AB3BF05-4346-4AA6-1389-037BE0695223}
		{6B9687CC-4FE2-4700-BACA-75A090BE365B} = {0AB3BF05-4346-4AA6-1389-037BE0695223}
		{C94A2ED5-68A1-463A-8236-9D81B9063980} = {0AB3BF05-4346-4AA6-1389-037BE0695223}
	EndGlobalSection
EndGlobal
